
Microsoft Visual Studio Solution File, Format Version 12.00
# Visual Studio Version 17
VisualStudioVersion = 17.9.34728.123
MinimumVisualStudioVersion = 10.0.40219.1
Project("{FAE04EC0-301F-11D3-BF4B-00C04F79EFBC}") = "AreejTest", "AreejTest.csproj", "{A5BD2881-91D9-4F32-8F5E-0BFB62FBFEFA}"
EndProject
Global
	GlobalSection(SolutionConfigurationPlatforms) = preSolution
		Debug|Any CPU = Debug|Any CPU
		Release|Any CPU = Release|Any CPU
	EndGlobalSection
	GlobalSection(ProjectConfigurationPlatforms) = postSolution
		{A5BD2881-91D9-4F32-8F5E-0BFB62FBFEFA}.Debug|Any CPU.ActiveCfg = Debug|Any CPU
		{A5BD2881-91D9-4F32-8F5E-0BFB62FBFEFA}.Debug|Any CPU.Build.0 = Debug|Any CPU
		{A5BD2881-91D9-4F32-8F5E-0BFB62FBFEFA}.Release|Any CPU.ActiveCfg = Release|Any CPU
		{A5BD2881-91D9-4F32-8F5E-0BFB62FBFEFA}.Release|Any CPU.Build.0 = Release|Any CPU
	EndGlobalSection
	GlobalSection(SolutionProperties) = preSolution
		HideSolutionNode = FALSE
	EndGlobalSection
	GlobalSection(ExtensibilityGlobals) = postSolution
		SolutionGuid = {B03CCB9B-98FA-42FE-8187-66904D790573}
	EndGlobalSection
EndGlobal
